// !$*UTF8*$!
{
	archiveVersion = 1;
	classes = {
	};
	objectVersion = 55;
	objects = {

/* Begin PBXBuildFile section */
		5BE39FD427B66FEB00A6992A /* rackerApp.swift in Sources */ = {isa = PBXBuildFile; fileRef = 5BE39FD327B66FEB00A6992A /* rackerApp.swift */; };
		5BE39FD627B66FEB00A6992A /* HomeView.swift in Sources */ = {isa = PBXBuildFile; fileRef = 5BE39FD527B66FEB00A6992A /* HomeView.swift */; };
		5BE39FD827B66FEC00A6992A /* Assets.xcassets in Resources */ = {isa = PBXBuildFile; fileRef = 5BE39FD727B66FEC00A6992A /* Assets.xcassets */; };
		5BE39FDB27B66FEC00A6992A /* Preview Assets.xcassets in Resources */ = {isa = PBXBuildFile; fileRef = 5BE39FDA27B66FEC00A6992A /* Preview Assets.xcassets */; };
		5BE39FE527B66FEC00A6992A /* rackerTests.swift in Sources */ = {isa = PBXBuildFile; fileRef = 5BE39FE427B66FEC00A6992A /* rackerTests.swift */; };
		5BE39FEF27B66FEC00A6992A /* rackerUITests.swift in Sources */ = {isa = PBXBuildFile; fileRef = 5BE39FEE27B66FEC00A6992A /* rackerUITests.swift */; };
		5BE39FF127B66FEC00A6992A /* rackerUITestsLaunchTests.swift in Sources */ = {isa = PBXBuildFile; fileRef = 5BE39FF027B66FEC00A6992A /* rackerUITestsLaunchTests.swift */; };
		5BE3A00027B670E300A6992A /* NewGameView.swift in Sources */ = {isa = PBXBuildFile; fileRef = 5BE39FFF27B670E300A6992A /* NewGameView.swift */; };
		5BE3A00B27B6ACEC00A6992A /* EightBallView.swift in Sources */ = {isa = PBXBuildFile; fileRef = 5BE3A00A27B6ACEC00A6992A /* EightBallView.swift */; };
/* End PBXBuildFile section */

/* Begin PBXContainerItemProxy section */
		5BE39FE127B66FEC00A6992A /* PBXContainerItemProxy */ = {
			isa = PBXContainerItemProxy;
			containerPortal = 5BE39FC827B66FEB00A6992A /* Project object */;
			proxyType = 1;
			remoteGlobalIDString = 5BE39FCF27B66FEB00A6992A;
			remoteInfo = racker;
		};
		5BE39FEB27B66FEC00A6992A /* PBXContainerItemProxy */ = {
			isa = PBXContainerItemProxy;
			containerPortal = 5BE39FC827B66FEB00A6992A /* Project object */;
			proxyType = 1;
			remoteGlobalIDString = 5BE39FCF27B66FEB00A6992A;
			remoteInfo = racker;
		};
/* End PBXContainerItemProxy section */

/* Begin PBXFileReference section */
		5BE39FD027B66FEB00A6992A /* racker.app */ = {isa = PBXFileReference; explicitFileType = wrapper.application; includeInIndex = 0; path = racker.app; sourceTree = BUILT_PRODUCTS_DIR; };
		5BE39FD327B66FEB00A6992A /* rackerApp.swift */ = {isa = PBXFileReference; lastKnownFileType = sourcecode.swift; path = rackerApp.swift; sourceTree = "<group>"; };
		5BE39FD527B66FEB00A6992A /* HomeView.swift */ = {isa = PBXFileReference; lastKnownFileType = sourcecode.swift; path = HomeView.swift; sourceTree = "<group>"; };
		5BE39FD727B66FEC00A6992A /* Assets.xcassets */ = {isa = PBXFileReference; lastKnownFileType = folder.assetcatalog; path = Assets.xcassets; sourceTree = "<group>"; };
		5BE39FDA27B66FEC00A6992A /* Preview Assets.xcassets */ = {isa = PBXFileReference; lastKnownFileType = folder.assetcatalog; path = "Preview Assets.xcassets"; sourceTree = "<group>"; };
		5BE39FE027B66FEC00A6992A /* rackerTests.xctest */ = {isa = PBXFileReference; explicitFileType = wrapper.cfbundle; includeInIndex = 0; path = rackerTests.xctest; sourceTree = BUILT_PRODUCTS_DIR; };
		5BE39FE427B66FEC00A6992A /* rackerTests.swift */ = {isa = PBXFileReference; lastKnownFileType = sourcecode.swift; path = rackerTests.swift; sourceTree = "<group>"; };
		5BE39FEA27B66FEC00A6992A /* rackerUITests.xctest */ = {isa = PBXFileReference; explicitFileType = wrapper.cfbundle; includeInIndex = 0; path = rackerUITests.xctest; sourceTree = BUILT_PRODUCTS_DIR; };
		5BE39FEE27B66FEC00A6992A /* rackerUITests.swift */ = {isa = PBXFileReference; lastKnownFileType = sourcecode.swift; path = rackerUITests.swift; sourceTree = "<group>"; };
		5BE39FF027B66FEC00A6992A /* rackerUITestsLaunchTests.swift */ = {isa = PBXFileReference; lastKnownFileType = sourcecode.swift; path = rackerUITestsLaunchTests.swift; sourceTree = "<group>"; };
		5BE39FFF27B670E300A6992A /* NewGameView.swift */ = {isa = PBXFileReference; lastKnownFileType = sourcecode.swift; path = NewGameView.swift; sourceTree = "<group>"; };
		5BE3A00A27B6ACEC00A6992A /* EightBallView.swift */ = {isa = PBXFileReference; lastKnownFileType = sourcecode.swift; path = EightBallView.swift; sourceTree = "<group>"; };
/* End PBXFileReference section */

/* Begin PBXFrameworksBuildPhase section */
		5BE39FCD27B66FEB00A6992A /* Frameworks */ = {
			isa = PBXFrameworksBuildPhase;
			buildActionMask = 2147483647;
			files = (
			);
			runOnlyForDeploymentPostprocessing = 0;
		};
		5BE39FDD27B66FEC00A6992A /* Frameworks */ = {
			isa = PBXFrameworksBuildPhase;
			buildActionMask = 2147483647;
			files = (
			);
			runOnlyForDeploymentPostprocessing = 0;
		};
		5BE39FE727B66FEC00A6992A /* Frameworks */ = {
			isa = PBXFrameworksBuildPhase;
			buildActionMask = 2147483647;
			files = (
			);
			runOnlyForDeploymentPostprocessing = 0;
		};
/* End PBXFrameworksBuildPhase section */

/* Begin PBXGroup section */
		5BE39FC727B66FEB00A6992A = {
			isa = PBXGroup;
			children = (
				5BE39FD227B66FEB00A6992A /* racker */,
				5BE39FE327B66FEC00A6992A /* rackerTests */,
				5BE39FED27B66FEC00A6992A /* rackerUITests */,
				5BE39FD127B66FEB00A6992A /* Products */,
			);
			sourceTree = "<group>";
		};
		5BE39FD127B66FEB00A6992A /* Products */ = {
			isa = PBXGroup;
			children = (
				5BE39FD027B66FEB00A6992A /* racker.app */,
				5BE39FE027B66FEC00A6992A /* rackerTests.xctest */,
				5BE39FEA27B66FEC00A6992A /* rackerUITests.xctest */,
			);
			name = Products;
			sourceTree = "<group>";
		};
		5BE39FD227B66FEB00A6992A /* racker */ = {
			isa = PBXGroup;
			children = (
				5BE39FD327B66FEB00A6992A /* rackerApp.swift */,
				5BE39FD527B66FEB00A6992A /* HomeView.swift */,
				5BE3A00A27B6ACEC00A6992A /* EightBallView.swift */,
				5BE39FFF27B670E300A6992A /* NewGameView.swift */,
				5BE39FD727B66FEC00A6992A /* Assets.xcassets */,
				5BE39FD927B66FEC00A6992A /* Preview Content */,
			);
			path = racker;
			sourceTree = "<group>";
		};
		5BE39FD927B66FEC00A6992A /* Preview Content */ = {
			isa = PBXGroup;
			children = (
				5BE39FDA27B66FEC00A6992A /* Preview Assets.xcassets */,
			);
			path = "Preview Content";
			sourceTree = "<group>";
		};
		5BE39FE327B66FEC00A6992A /* rackerTests */ = {
			isa = PBXGroup;
			children = (
				5BE39FE427B66FEC00A6992A /* rackerTests.swift */,
			);
			path = rackerTests;
			sourceTree = "<group>";
		};
		5BE39FED27B66FEC00A6992A /* rackerUITests */ = {
			isa = PBXGroup;
			children = (
				5BE39FEE27B66FEC00A6992A /* rackerUITests.swift */,
				5BE39FF027B66FEC00A6992A /* rackerUITestsLaunchTests.swift */,
			);
			path = rackerUITests;
			sourceTree = "<group>";
		};
/* End PBXGroup section */

/* Begin PBXNativeTarget section */
		5BE39FCF27B66FEB00A6992A /* racker */ = {
			isa = PBXNativeTarget;
			buildConfigurationList = 5BE39FF427B66FEC00A6992A /* Build configuration list for PBXNativeTarget "racker" */;
			buildPhases = (
				5BE39FCC27B66FEB00A6992A /* Sources */,
				5BE39FCD27B66FEB00A6992A /* Frameworks */,
				5BE39FCE27B66FEB00A6992A /* Resources */,
			);
			buildRules = (
			);
			dependencies = (
			);
			name = racker;
			productName = racker;
			productReference = 5BE39FD027B66FEB00A6992A /* racker.app */;
			productType = "com.apple.product-type.application";
		};
		5BE39FDF27B66FEC00A6992A /* rackerTests */ = {
			isa = PBXNativeTarget;
			buildConfigurationList = 5BE39FF727B66FEC00A6992A /* Build configuration list for PBXNativeTarget "rackerTests" */;
			buildPhases = (
				5BE39FDC27B66FEC00A6992A /* Sources */,
				5BE39FDD27B66FEC00A6992A /* Frameworks */,
				5BE39FDE27B66FEC00A6992A /* Resources */,
			);
			buildRules = (
			);
			dependencies = (
				5BE39FE227B66FEC00A6992A /* PBXTargetDependency */,
			);
			name = rackerTests;
			productName = rackerTests;
			productReference = 5BE39FE027B66FEC00A6992A /* rackerTests.xctest */;
			productType = "com.apple.product-type.bundle.unit-test";
		};
		5BE39FE927B66FEC00A6992A /* rackerUITests */ = {
			isa = PBXNativeTarget;
			buildConfigurationList = 5BE39FFA27B66FEC00A6992A /* Build configuration list for PBXNativeTarget "rackerUITests" */;
			buildPhases = (
				5BE39FE627B66FEC00A6992A /* Sources */,
				5BE39FE727B66FEC00A6992A /* Frameworks */,
				5BE39FE827B66FEC00A6992A /* Resources */,
			);
			buildRules = (
			);
			dependencies = (
				5BE39FEC27B66FEC00A6992A /* PBXTargetDependency */,
			);
			name = rackerUITests;
			productName = rackerUITests;
			productReference = 5BE39FEA27B66FEC00A6992A /* rackerUITests.xctest */;
			productType = "com.apple.product-type.bundle.ui-testing";
		};
/* End PBXNativeTarget section */

/* Begin PBXProject section */
		5BE39FC827B66FEB00A6992A /* Project object */ = {
			isa = PBXProject;
			attributes = {
				BuildIndependentTargetsInParallel = 1;
				LastSwiftUpdateCheck = 1320;
				LastUpgradeCheck = 1320;
				TargetAttributes = {
					5BE39FCF27B66FEB00A6992A = {
						CreatedOnToolsVersion = 13.2.1;
					};
					5BE39FDF27B66FEC00A6992A = {
						CreatedOnToolsVersion = 13.2.1;
						TestTargetID = 5BE39FCF27B66FEB00A6992A;
					};
					5BE39FE927B66FEC00A6992A = {
						CreatedOnToolsVersion = 13.2.1;
						TestTargetID = 5BE39FCF27B66FEB00A6992A;
					};
				};
			};
			buildConfigurationList = 5BE39FCB27B66FEB00A6992A /* Build configuration list for PBXProject "racker" */;
			compatibilityVersion = "Xcode 13.0";
			developmentRegion = en;
			hasScannedForEncodings = 0;
			knownRegions = (
				en,
				Base,
			);
			mainGroup = 5BE39FC727B66FEB00A6992A;
			productRefGroup = 5BE39FD127B66FEB00A6992A /* Products */;
			projectDirPath = "";
			projectRoot = "";
			targets = (
				5BE39FCF27B66FEB00A6992A /* racker */,
				5BE39FDF27B66FEC00A6992A /* rackerTests */,
				5BE39FE927B66FEC00A6992A /* rackerUITests */,
			);
		};
/* End PBXProject section */

/* Begin PBXResourcesBuildPhase section */
		5BE39FCE27B66FEB00A6992A /* Resources */ = {
			isa = PBXResourcesBuildPhase;
			buildActionMask = 2147483647;
			files = (
				5BE39FDB27B66FEC00A6992A /* Preview Assets.xcassets in Resources */,
				5BE39FD827B66FEC00A6992A /* Assets.xcassets in Resources */,
			);
			runOnlyForDeploymentPostprocessing = 0;
		};
		5BE39FDE27B66FEC00A6992A /* Resources */ = {
			isa = PBXResourcesBuildPhase;
			buildActionMask = 2147483647;
			files = (
			);
			runOnlyForDeploymentPostprocessing = 0;
		};
		5BE39FE827B66FEC00A6992A /* Resources */ = {
			isa = PBXResourcesBuildPhase;
			buildActionMask = 2147483647;
			files = (
			);
			runOnlyForDeploymentPostprocessing = 0;
		};
/* End PBXResourcesBuildPhase section */

/* Begin PBXSourcesBuildPhase section */
		5BE39FCC27B66FEB00A6992A /* Sources */ = {
			isa = PBXSourcesBuildPhase;
			buildActionMask = 2147483647;
			files = (
				5BE39FD627B66FEB00A6992A /* HomeView.swift in Sources */,
				5BE39FD427B66FEB00A6992A /* rackerApp.swift in Sources */,
				5BE3A00B27B6ACEC00A6992A /* EightBallView.swift in Sources */,
				5BE3A00027B670E300A6992A /* NewGameView.swift in Sources */,
			);
			runOnlyForDeploymentPostprocessing = 0;
		};
		5BE39FDC27B66FEC00A6992A /* Sources */ = {
			isa = PBXSourcesBuildPhase;
			buildActionMask = 2147483647;
			files = (
				5BE39FE527B66FEC00A6992A /* rackerTests.swift in Sources */,
			);
			runOnlyForDeploymentPostprocessing = 0;
		};
		5BE39FE627B66FEC00A6992A /* Sources */ = {
			isa = PBXSourcesBuildPhase;
			buildActionMask = 2147483647;
			files = (
				5BE39FF127B66FEC00A6992A /* rackerUITestsLaunchTests.swift in Sources */,
				5BE39FEF27B66FEC00A6992A /* rackerUITests.swift in Sources */,
			);
			runOnlyForDeploymentPostprocessing = 0;
		};
/* End PBXSourcesBuildPhase section */

/* Begin PBXTargetDependency section */
		5BE39FE227B66FEC00A6992A /* PBXTargetDependency */ = {
			isa = PBXTargetDependency;
			target = 5BE39FCF27B66FEB00A6992A /* racker */;
			targetProxy = 5BE39FE127B66FEC00A6992A /* PBXContainerItemProxy */;
		};
		5BE39FEC27B66FEC00A6992A /* PBXTargetDependency */ = {
			isa = PBXTargetDependency;
			target = 5BE39FCF27B66FEB00A6992A /* racker */;
			targetProxy = 5BE39FEB27B66FEC00A6992A /* PBXContainerItemProxy */;
		};
/* End PBXTargetDependency section */

/* Begin XCBuildConfiguration section */
		5BE39FF227B66FEC00A6992A /* Debug */ = {
			isa = XCBuildConfiguration;
			buildSettings = {
				ALWAYS_SEARCH_USER_PATHS = NO;
				CLANG_ANALYZER_NONNULL = YES;
				CLANG_ANALYZER_NUMBER_OBJECT_CONVERSION = YES_AGGRESSIVE;
				CLANG_CXX_LANGUAGE_STANDARD = "gnu++17";
				CLANG_CXX_LIBRARY = "libc++";
				CLANG_ENABLE_MODULES = YES;
				CLANG_ENABLE_OBJC_ARC = YES;
				CLANG_ENABLE_OBJC_WEAK = YES;
				CLANG_WARN_BLOCK_CAPTURE_AUTORELEASING = YES;
				CLANG_WARN_BOOL_CONVERSION = YES;
				CLANG_WARN_COMMA = YES;
				CLANG_WARN_CONSTANT_CONVERSION = YES;
				CLANG_WARN_DEPRECATED_OBJC_IMPLEMENTATIONS = YES;
				CLANG_WARN_DIRECT_OBJC_ISA_USAGE = YES_ERROR;
				CLANG_WARN_DOCUMENTATION_COMMENTS = YES;
				CLANG_WARN_EMPTY_BODY = YES;
				CLANG_WARN_ENUM_CONVERSION = YES;
				CLANG_WARN_INFINITE_RECURSION = YES;
				CLANG_WARN_INT_CONVERSION = YES;
				CLANG_WARN_NON_LITERAL_NULL_CONVERSION = YES;
				CLANG_WARN_OBJC_IMPLICIT_RETAIN_SELF = YES;
				CLANG_WARN_OBJC_LITERAL_CONVERSION = YES;
				CLANG_WARN_OBJC_ROOT_CLASS = YES_ERROR;
				CLANG_WARN_QUOTED_INCLUDE_IN_FRAMEWORK_HEADER = YES;
				CLANG_WARN_RANGE_LOOP_ANALYSIS = YES;
				CLANG_WARN_STRICT_PROTOTYPES = YES;
				CLANG_WARN_SUSPICIOUS_MOVE = YES;
				CLANG_WARN_UNGUARDED_AVAILABILITY = YES_AGGRESSIVE;
				CLANG_WARN_UNREACHABLE_CODE = YES;
				CLANG_WARN__DUPLICATE_METHOD_MATCH = YES;
				COPY_PHASE_STRIP = NO;
				DEBUG_INFORMATION_FORMAT = dwarf;
				ENABLE_STRICT_OBJC_MSGSEND = YES;
				ENABLE_TESTABILITY = YES;
				GCC_C_LANGUAGE_STANDARD = gnu11;
				GCC_DYNAMIC_NO_PIC = NO;
				GCC_NO_COMMON_BLOCKS = YES;
				GCC_OPTIMIZATION_LEVEL = 0;
				GCC_PREPROCESSOR_DEFINITIONS = (
					"DEBUG=1",
					"$(inherited)",
				);
				GCC_WARN_64_TO_32_BIT_CONVERSION = YES;
				GCC_WARN_ABOUT_RETURN_TYPE = YES_ERROR;
				GCC_WARN_UNDECLARED_SELECTOR = YES;
				GCC_WARN_UNINITIALIZED_AUTOS = YES_AGGRESSIVE;
				GCC_WARN_UNUSED_FUNCTION = YES;
				GCC_WARN_UNUSED_VARIABLE = YES;
				IPHONEOS_DEPLOYMENT_TARGET = 15.2;
				MTL_ENABLE_DEBUG_INFO = INCLUDE_SOURCE;
				MTL_FAST_MATH = YES;
				ONLY_ACTIVE_ARCH = YES;
				SDKROOT = iphoneos;
				SWIFT_ACTIVE_COMPILATION_CONDITIONS = DEBUG;
				SWIFT_OPTIMIZATION_LEVEL = "-Onone";
			};
			name = Debug;
		};
		5BE39FF327B66FEC00A6992A /* Release */ = {
			isa = XCBuildConfiguration;
			buildSettings = {
				ALWAYS_SEARCH_USER_PATHS = NO;
				CLANG_ANALYZER_NONNULL = YES;
				CLANG_ANALYZER_NUMBER_OBJECT_CONVERSION = YES_AGGRESSIVE;
				CLANG_CXX_LANGUAGE_STANDARD = "gnu++17";
				CLANG_CXX_LIBRARY = "libc++";
				CLANG_ENABLE_MODULES = YES;
				CLANG_ENABLE_OBJC_ARC = YES;
				CLANG_ENABLE_OBJC_WEAK = YES;
				CLANG_WARN_BLOCK_CAPTURE_AUTORELEASING = YES;
				CLANG_WARN_BOOL_CONVERSION = YES;
				CLANG_WARN_COMMA = YES;
				CLANG_WARN_CONSTANT_CONVERSION = YES;
				CLANG_WARN_DEPRECATED_OBJC_IMPLEMENTATIONS = YES;
				CLANG_WARN_DIRECT_OBJC_ISA_USAGE = YES_ERROR;
				CLANG_WARN_DOCUMENTATION_COMMENTS = YES;
				CLANG_WARN_EMPTY_BODY = YES;
				CLANG_WARN_ENUM_CONVERSION = YES;
				CLANG_WARN_INFINITE_RECURSION = YES;
				CLANG_WARN_INT_CONVERSION = YES;
				CLANG_WARN_NON_LITERAL_NULL_CONVERSION = YES;
				CLANG_WARN_OBJC_IMPLICIT_RETAIN_SELF = YES;
				CLANG_WARN_OBJC_LITERAL_CONVERSION = YES;
				CLANG_WARN_OBJC_ROOT_CLASS = YES_ERROR;
				CLANG_WARN_QUOTED_INCLUDE_IN_FRAMEWORK_HEADER = YES;
				CLANG_WARN_RANGE_LOOP_ANALYSIS = YES;
				CLANG_WARN_STRICT_PROTOTYPES = YES;
				CLANG_WARN_SUSPICIOUS_MOVE = YES;
				CLANG_WARN_UNGUARDED_AVAILABILITY = YES_AGGRESSIVE;
				CLANG_WARN_UNREACHABLE_CODE = YES;
				CLANG_WARN__DUPLICATE_METHOD_MATCH = YES;
				COPY_PHASE_STRIP = NO;
				DEBUG_INFORMATION_FORMAT = "dwarf-with-dsym";
				ENABLE_NS_ASSERTIONS = NO;
				ENABLE_STRICT_OBJC_MSGSEND = YES;
				GCC_C_LANGUAGE_STANDARD = gnu11;
				GCC_NO_COMMON_BLOCKS = YES;
				GCC_WARN_64_TO_32_BIT_CONVERSION = YES;
				GCC_WARN_ABOUT_RETURN_TYPE = YES_ERROR;
				GCC_WARN_UNDECLARED_SELECTOR = YES;
				GCC_WARN_UNINITIALIZED_AUTOS = YES_AGGRESSIVE;
				GCC_WARN_UNUSED_FUNCTION = YES;
				GCC_WARN_UNUSED_VARIABLE = YES;
				IPHONEOS_DEPLOYMENT_TARGET = 15.2;
				MTL_ENABLE_DEBUG_INFO = NO;
				MTL_FAST_MATH = YES;
				SDKROOT = iphoneos;
				SWIFT_COMPILATION_MODE = wholemodule;
				SWIFT_OPTIMIZATION_LEVEL = "-O";
				VALIDATE_PRODUCT = YES;
			};
			name = Release;
		};
		5BE39FF527B66FEC00A6992A /* Debug */ = {
			isa = XCBuildConfiguration;
			buildSettings = {
				ASSETCATALOG_COMPILER_APPICON_NAME = AppIcon;
				ASSETCATALOG_COMPILER_GLOBAL_ACCENT_COLOR_NAME = AccentColor;
				CODE_SIGN_STYLE = Automatic;
				CURRENT_PROJECT_VERSION = 1;
				DEVELOPMENT_ASSET_PATHS = "\"racker/Preview Content\"";
				DEVELOPMENT_TEAM = 8LEW5PED4E;
				ENABLE_PREVIEWS = YES;
				GENERATE_INFOPLIST_FILE = YES;
				INFOPLIST_KEY_UIApplicationSceneManifest_Generation = YES;
				INFOPLIST_KEY_UIApplicationSupportsIndirectInputEvents = YES;
				INFOPLIST_KEY_UILaunchScreen_Generation = YES;
				INFOPLIST_KEY_UISupportedInterfaceOrientations_iPad = "UIInterfaceOrientationPortrait UIInterfaceOrientationPortraitUpsideDown UIInterfaceOrientationLandscapeLeft UIInterfaceOrientationLandscapeRight";
				INFOPLIST_KEY_UISupportedInterfaceOrientations_iPhone = "UIInterfaceOrientationPortrait UIInterfaceOrientationLandscapeLeft UIInterfaceOrientationLandscapeRight";
				LD_RUNPATH_SEARCH_PATHS = (
					"$(inherited)",
					"@executable_path/Frameworks",
				);
				MARKETING_VERSION = 1.0;
				PRODUCT_BUNDLE_IDENTIFIER = org.daydrinker.racker;
				PRODUCT_NAME = "$(TARGET_NAME)";
				SWIFT_EMIT_LOC_STRINGS = YES;
				SWIFT_VERSION = 5.0;
				TARGETED_DEVICE_FAMILY = "1,2";
			};
			name = Debug;
		};
		5BE39FF627B66FEC00A6992A /* Release */ = {
			isa = XCBuildConfiguration;
			buildSettings = {
				ASSETCATALOG_COMPILER_APPICON_NAME = AppIcon;
				ASSETCATALOG_COMPILER_GLOBAL_ACCENT_COLOR_NAME = AccentColor;
				CODE_SIGN_STYLE = Automatic;
				CURRENT_PROJECT_VERSION = 1;
				DEVELOPMENT_ASSET_PATHS = "\"racker/Preview Content\"";
				DEVELOPMENT_TEAM = 8LEW5PED4E;
				ENABLE_PREVIEWS = YES;
				GENERATE_INFOPLIST_FILE = YES;
				INFOPLIST_KEY_UIApplicationSceneManifest_Generation = YES;
				INFOPLIST_KEY_UIApplicationSupportsIndirectInputEvents = YES;
				INFOPLIST_KEY_UILaunchScreen_Generation = YES;
				INFOPLIST_KEY_UISupportedInterfaceOrientations_iPad = "UIInterfaceOrientationPortrait UIInterfaceOrientationPortraitUpsideDown UIInterfaceOrientationLandscapeLeft UIInterfaceOrientationLandscapeRight";
				INFOPLIST_KEY_UISupportedInterfaceOrientations_iPhone = "UIInterfaceOrientationPortrait UIInterfaceOrientationLandscapeLeft UIInterfaceOrientationLandscapeRight";
				LD_RUNPATH_SEARCH_PATHS = (
					"$(inherited)",
					"@executable_path/Frameworks",
				);
				MARKETING_VERSION = 1.0;
				PRODUCT_BUNDLE_IDENTIFIER = org.daydrinker.racker;
				PRODUCT_NAME = "$(TARGET_NAME)";
				SWIFT_EMIT_LOC_STRINGS = YES;
				SWIFT_VERSION = 5.0;
				TARGETED_DEVICE_FAMILY = "1,2";
			};
			name = Release;
		};
		5BE39FF827B66FEC00A6992A /* Debug */ = {
			isa = XCBuildConfiguration;
			buildSettings = {
				ALWAYS_EMBED_SWIFT_STANDARD_LIBRARIES = YES;
				BUNDLE_LOADER = "$(TEST_HOST)";
				CODE_SIGN_STYLE = Automatic;
				CURRENT_PROJECT_VERSION = 1;
				GENERATE_INFOPLIST_FILE = YES;
				IPHONEOS_DEPLOYMENT_TARGET = 15.2;
				MARKETING_VERSION = 1.0;
				PRODUCT_BUNDLE_IDENTIFIER = org.daydrinker.rackerTests;
				PRODUCT_NAME = "$(TARGET_NAME)";
				SWIFT_EMIT_LOC_STRINGS = NO;
				SWIFT_VERSION = 5.0;
				TARGETED_DEVICE_FAMILY = "1,2";
				TEST_HOST = "$(BUILT_PRODUCTS_DIR)/racker.app/racker";
			};
			name = Debug;
		};
		5BE39FF927B66FEC00A6992A /* Release */ = {
			isa = XCBuildConfiguration;
			buildSettings = {
				ALWAYS_EMBED_SWIFT_STANDARD_LIBRARIES = YES;
				BUNDLE_LOADER = "$(TEST_HOST)";
				CODE_SIGN_STYLE = Automatic;
				CURRENT_PROJECT_VERSION = 1;
				GENERATE_INFOPLIST_FILE = YES;
				IPHONEOS_DEPLOYMENT_TARGET = 15.2;
				MARKETING_VERSION = 1.0;
				PRODUCT_BUNDLE_IDENTIFIER = org.daydrinker.rackerTests;
				PRODUCT_NAME = "$(TARGET_NAME)";
				SWIFT_EMIT_LOC_STRINGS = NO;
				SWIFT_VERSION = 5.0;
				TARGETED_DEVICE_FAMILY = "1,2";
				TEST_HOST = "$(BUILT_PRODUCTS_DIR)/racker.app/racker";
			};
			name = Release;
		};
		5BE39FFB27B66FEC00A6992A /* Debug */ = {
			isa = XCBuildConfiguration;
			buildSettings = {
				ALWAYS_EMBED_SWIFT_STANDARD_LIBRARIES = YES;
				CODE_SIGN_STYLE = Automatic;
				CURRENT_PROJECT_VERSION = 1;
				GENERATE_INFOPLIST_FILE = YES;
				MARKETING_VERSION = 1.0;
				PRODUCT_BUNDLE_IDENTIFIER = org.daydrinker.rackerUITests;
				PRODUCT_NAME = "$(TARGET_NAME)";
				SWIFT_EMIT_LOC_STRINGS = NO;
				SWIFT_VERSION = 5.0;
				TARGETED_DEVICE_FAMILY = "1,2";
				TEST_TARGET_NAME = racker;
			};
			name = Debug;
		};
		5BE39FFC27B66FEC00A6992A /* Release */ = {
			isa = XCBuildConfiguration;
			buildSettings = {
				ALWAYS_EMBED_SWIFT_STANDARD_LIBRARIES = YES;
				CODE_SIGN_STYLE = Automatic;
				CURRENT_PROJECT_VERSION = 1;
				GENERATE_INFOPLIST_FILE = YES;
				MARKETING_VERSION = 1.0;
				PRODUCT_BUNDLE_IDENTIFIER = org.daydrinker.rackerUITests;
				PRODUCT_NAME = "$(TARGET_NAME)";
				SWIFT_EMIT_LOC_STRINGS = NO;
				SWIFT_VERSION = 5.0;
				TARGETED_DEVICE_FAMILY = "1,2";
				TEST_TARGET_NAME = racker;
			};
			name = Release;
		};
/* End XCBuildConfiguration section */

/* Begin XCConfigurationList section */
		5BE39FCB27B66FEB00A6992A /* Build configuration list for PBXProject "racker" */ = {
			isa = XCConfigurationList;
			buildConfigurations = (
				5BE39FF227B66FEC00A6992A /* Debug */,
				5BE39FF327B66FEC00A6992A /* Release */,
			);
			defaultConfigurationIsVisible = 0;
			defaultConfigurationName = Release;
		};
		5BE39FF427B66FEC00A6992A /* Build configuration list for PBXNativeTarget "racker" */ = {
			isa = XCConfigurationList;
			buildConfigurations = (
				5BE39FF527B66FEC00A6992A /* Debug */,
				5BE39FF627B66FEC00A6992A /* Release */,
			);
			defaultConfigurationIsVisible = 0;
			defaultConfigurationName = Release;
		};
		5BE39FF727B66FEC00A6992A /* Build configuration list for PBXNativeTarget "rackerTests" */ = {
			isa = XCConfigurationList;
			buildConfigurations = (
				5BE39FF827B66FEC00A6992A /* Debug */,
				5BE39FF927B66FEC00A6992A /* Release */,
			);
			defaultConfigurationIsVisible = 0;
			defaultConfigurationName = Release;
		};
		5BE39FFA27B66FEC00A6992A /* Build configuration list for PBXNativeTarget "rackerUITests" */ = {
			isa = XCConfigurationList;
			buildConfigurations = (
				5BE39FFB27B66FEC00A6992A /* Debug */,
				5BE39FFC27B66FEC00A6992A /* Release */,
			);
			defaultConfigurationIsVisible = 0;
			defaultConfigurationName = Release;
		};
/* End XCConfigurationList section */
	};
	rootObject = 5BE39FC827B66FEB00A6992A /* Project object */;
}
